
Microsoft Visual Studio Solution File, Format Version 12.00
# Visual Studio Version 17
VisualStudioVersion = 17.2.32616.157
MinimumVisualStudioVersion = 10.0.40219.1
Project("{FAE04EC0-301F-11D3-BF4B-00C04F79EFBC}") = "Ejercicios", "Ejercicios\Ejercicios.csproj", "{5DBD2141-A88F-4117-899B-D01E9738BACF}"
EndProject
Global
	GlobalSection(SolutionConfigurationPlatforms) = preSolution
		Debug|Any CPU = Debug|Any CPU
		Release|Any CPU = Release|Any CPU
	EndGlobalSection
	GlobalSection(ProjectConfigurationPlatforms) = postSolution
		{5DBD2141-A88F-4117-899B-D01E9738BACF}.Debug|Any CPU.ActiveCfg = Debug|Any CPU
		{5DBD2141-A88F-4117-899B-D01E9738BACF}.Debug|Any CPU.Build.0 = Debug|Any CPU
		{5DBD2141-A88F-4117-899B-D01E9738BACF}.Release|Any CPU.ActiveCfg = Release|Any CPU
		{5DBD2141-A88F-4117-899B-D01E9738BACF}.Release|Any CPU.Build.0 = Release|Any CPU
	EndGlobalSection
	GlobalSection(SolutionProperties) = preSolution
		HideSolutionNode = FALSE
	EndGlobalSection
	GlobalSection(ExtensibilityGlobals) = postSolution
		SolutionGuid = {166BB2D7-2A1E-4776-BE8A-6F17C59ACC08}
	EndGlobalSection
EndGlobal
